// !$*UTF8*$!
{
	archiveVersion = 1;
	classes = {
	};
	objectVersion = 46;
	objects = {

/* Begin PBXBuildFile section */
		3D8933AA1BF3811900B6E166 /* AppDelegate.swift in Sources */ = {isa = PBXBuildFile; fileRef = 3D8933A91BF3811900B6E166 /* AppDelegate.swift */; };
		3D8933AC1BF3811900B6E166 /* ViewController.swift in Sources */ = {isa = PBXBuildFile; fileRef = 3D8933AB1BF3811900B6E166 /* ViewController.swift */; };
		3D8933AF1BF3811900B6E166 /* Main.storyboard in Resources */ = {isa = PBXBuildFile; fileRef = 3D8933AD1BF3811900B6E166 /* Main.storyboard */; };
		3D8933B11BF3811900B6E166 /* Assets.xcassets in Resources */ = {isa = PBXBuildFile; fileRef = 3D8933B01BF3811900B6E166 /* Assets.xcassets */; };
		3D8933B41BF3811900B6E166 /* LaunchScreen.storyboard in Resources */ = {isa = PBXBuildFile; fileRef = 3D8933B21BF3811900B6E166 /* LaunchScreen.storyboard */; };
		3D8933C01BF3879B00B6E166 /* CityTableViewCell.swift in Sources */ = {isa = PBXBuildFile; fileRef = 3D8933BE1BF3879B00B6E166 /* CityTableViewCell.swift */; };
		3D8933C11BF3879B00B6E166 /* CityTableViewCell.xib in Resources */ = {isa = PBXBuildFile; fileRef = 3D8933BF1BF3879B00B6E166 /* CityTableViewCell.xib */; };
/* End PBXBuildFile section */

/* Begin PBXFileReference section */
		3D8933A61BF3811900B6E166 /* AttributedText.app */ = {isa = PBXFileReference; explicitFileType = wrapper.application; includeInIndex = 0; path = AttributedText.app; sourceTree = BUILT_PRODUCTS_DIR; };
		3D8933A91BF3811900B6E166 /* AppDelegate.swift */ = {isa = PBXFileReference; lastKnownFileType = sourcecode.swift; path = AppDelegate.swift; sourceTree = "<group>"; };
		3D8933AB1BF3811900B6E166 /* ViewController.swift */ = {isa = PBXFileReference; lastKnownFileType = sourcecode.swift; path = ViewController.swift; sourceTree = "<group>"; };
		3D8933AE1BF3811900B6E166 /* Base */ = {isa = PBXFileReference; lastKnownFileType = file.storyboard; name = Base; path = Base.lproj/Main.storyboard; sourceTree = "<group>"; };
		3D8933B01BF3811900B6E166 /* Assets.xcassets */ = {isa = PBXFileReference; lastKnownFileType = folder.assetcatalog; path = Assets.xcassets; sourceTree = "<group>"; };
		3D8933B31BF3811900B6E166 /* Base */ = {isa = PBXFileReference; lastKnownFileType = file.storyboard; name = Base; path = Base.lproj/LaunchScreen.storyboard; sourceTree = "<group>"; };
		3D8933B51BF3811900B6E166 /* Info.plist */ = {isa = PBXFileReference; lastKnownFileType = text.plist.xml; path = Info.plist; sourceTree = "<group>"; };
		3D8933BE1BF3879B00B6E166 /* CityTableViewCell.swift */ = {isa = PBXFileReference; fileEncoding = 4; lastKnownFileType = sourcecode.swift; path = CityTableViewCell.swift; sourceTree = "<group>"; };
		3D8933BF1BF3879B00B6E166 /* CityTableViewCell.xib */ = {isa = PBXFileReference; fileEncoding = 4; lastKnownFileType = file.xib; path = CityTableViewCell.xib; sourceTree = "<group>"; };
/* End PBXFileReference section */

/* Begin PBXFrameworksBuildPhase section */
		3D8933A31BF3811900B6E166 /* Frameworks */ = {
			isa = PBXFrameworksBuildPhase;
			buildActionMask = 2147483647;
			files = (
			);
			runOnlyForDeploymentPostprocessing = 0;
		};
/* End PBXFrameworksBuildPhase section */

/* Begin PBXGroup section */
		3D89339D1BF3811900B6E166 = {
			isa = PBXGroup;
			children = (
				3D8933A81BF3811900B6E166 /* AttributedText */,
				3D8933A71BF3811900B6E166 /* Products */,
			);
			sourceTree = "<group>";
		};
		3D8933A71BF3811900B6E166 /* Products */ = {
			isa = PBXGroup;
			children = (
				3D8933A61BF3811900B6E166 /* AttributedText.app */,
			);
			name = Products;
			sourceTree = "<group>";
		};
		3D8933A81BF3811900B6E166 /* AttributedText */ = {
			isa = PBXGroup;
			children = (
				3D8933BD1BF3876900B6E166 /* Cells */,
				3D8933A91BF3811900B6E166 /* AppDelegate.swift */,
				3D8933AB1BF3811900B6E166 /* ViewController.swift */,
				3D8933AD1BF3811900B6E166 /* Main.storyboard */,
				3D8933B01BF3811900B6E166 /* Assets.xcassets */,
				3D8933B21BF3811900B6E166 /* LaunchScreen.storyboard */,
				3D8933B51BF3811900B6E166 /* Info.plist */,
			);
			path = AttributedText;
			sourceTree = "<group>";
		};
		3D8933BD1BF3876900B6E166 /* Cells */ = {
			isa = PBXGroup;
			children = (
				3D8933BF1BF3879B00B6E166 /* CityTableViewCell.xib */,
				3D8933BE1BF3879B00B6E166 /* CityTableViewCell.swift */,
			);
			name = Cells;
			sourceTree = "<group>";
		};
/* End PBXGroup section */

/* Begin PBXNativeTarget section */
		3D8933A51BF3811900B6E166 /* AttributedText */ = {
			isa = PBXNativeTarget;
			buildConfigurationList = 3D8933B81BF3811900B6E166 /* Build configuration list for PBXNativeTarget "AttributedText" */;
			buildPhases = (
				3D8933A21BF3811900B6E166 /* Sources */,
				3D8933A31BF3811900B6E166 /* Frameworks */,
				3D8933A41BF3811900B6E166 /* Resources */,
			);
			buildRules = (
			);
			dependencies = (
			);
			name = AttributedText;
			productName = AttributedText;
			productReference = 3D8933A61BF3811900B6E166 /* AttributedText.app */;
			productType = "com.apple.product-type.application";
		};
/* End PBXNativeTarget section */

/* Begin PBXProject section */
		3D89339E1BF3811900B6E166 /* Project object */ = {
			isa = PBXProject;
			attributes = {
				LastSwiftUpdateCheck = 0710;
				LastUpgradeCheck = 0710;
				ORGANIZATIONNAME = fatihyildizhan;
				TargetAttributes = {
					3D8933A51BF3811900B6E166 = {
						CreatedOnToolsVersion = 7.1.1;
					};
				};
			};
			buildConfigurationList = 3D8933A11BF3811900B6E166 /* Build configuration list for PBXProject "AttributedText" */;
			compatibilityVersion = "Xcode 3.2";
			developmentRegion = English;
			hasScannedForEncodings = 0;
			knownRegions = (
				en,
				Base,
			);
			mainGroup = 3D89339D1BF3811900B6E166;
			productRefGroup = 3D8933A71BF3811900B6E166 /* Products */;
			projectDirPath = "";
			projectRoot = "";
			targets = (
				3D8933A51BF3811900B6E166 /* AttributedText */,
			);
		};
/* End PBXProject section */

/* Begin PBXResourcesBuildPhase section */
		3D8933A41BF3811900B6E166 /* Resources */ = {
			isa = PBXResourcesBuildPhase;
			buildActionMask = 2147483647;
			files = (
				3D8933B41BF3811900B6E166 /* LaunchScreen.storyboard in Resources */,
				3D8933B11BF3811900B6E166 /* Assets.xcassets in Resources */,
				3D8933C11BF3879B00B6E166 /* CityTableViewCell.xib in Resources */,
				3D8933AF1BF3811900B6E166 /* Main.storyboard in Resources */,
			);
			runOnlyForDeploymentPostprocessing = 0;
		};
/* End PBXResourcesBuildPhase section */

/* Begin PBXSourcesBuildPhase section */
		3D8933A21BF3811900B6E166 /* Sources */ = {
			isa = PBXSourcesBuildPhase;
			buildActionMask = 2147483647;
			files = (
				3D8933C01BF3879B00B6E166 /* CityTableViewCell.swift in Sources */,
				3D8933AC1BF3811900B6E166 /* ViewController.swift in Sources */,
				3D8933AA1BF3811900B6E166 /* AppDelegate.swift in Sources */,
			);
			runOnlyForDeploymentPostprocessing = 0;
		};
/* End PBXSourcesBuildPhase section */

/* Begin PBXVariantGroup section */
		3D8933AD1BF3811900B6E166 /* Main.storyboard */ = {
			isa = PBXVariantGroup;
			children = (
				3D8933AE1BF3811900B6E166 /* Base */,
			);
			name = Main.storyboard;
			sourceTree = "<group>";
		};
		3D8933B21BF3811900B6E166 /* LaunchScreen.storyboard */ = {
			isa = PBXVariantGroup;
			children = (
				3D8933B31BF3811900B6E166 /* Base */,
			);
			name = LaunchScreen.storyboard;
			sourceTree = "<group>";
		};
/* End PBXVariantGroup section */

/* Begin XCBuildConfiguration section */
		3D8933B61BF3811900B6E166 /* Debug */ = {
			isa = XCBuildConfiguration;
			buildSettings = {
				ALWAYS_SEARCH_USER_PATHS = NO;
				CLANG_CXX_LANGUAGE_STANDARD = "gnu++0x";
				CLANG_CXX_LIBRARY = "libc++";
				CLANG_ENABLE_MODULES = YES;
				CLANG_ENABLE_OBJC_ARC = YES;
				CLANG_WARN_BOOL_CONVERSION = YES;
				CLANG_WARN_CONSTANT_CONVERSION = YES;
				CLANG_WARN_DIRECT_OBJC_ISA_USAGE = YES_ERROR;
				CLANG_WARN_EMPTY_BODY = YES;
				CLANG_WARN_ENUM_CONVERSION = YES;
				CLANG_WARN_INT_CONVERSION = YES;
				CLANG_WARN_OBJC_ROOT_CLASS = YES_ERROR;
				CLANG_WARN_UNREACHABLE_CODE = YES;
				CLANG_WARN__DUPLICATE_METHOD_MATCH = YES;
				"CODE_SIGN_IDENTITY[sdk=iphoneos*]" = "iPhone Developer";
				COPY_PHASE_STRIP = NO;
				DEBUG_INFORMATION_FORMAT = dwarf;
				ENABLE_STRICT_OBJC_MSGSEND = YES;
				ENABLE_TESTABILITY = YES;
				GCC_C_LANGUAGE_STANDARD = gnu99;
				GCC_DYNAMIC_NO_PIC = NO;
				GCC_NO_COMMON_BLOCKS = YES;
				GCC_OPTIMIZATION_LEVEL = 0;
				GCC_PREPROCESSOR_DEFINITIONS = (
					"DEBUG=1",
					"$(inherited)",
				);
				GCC_WARN_64_TO_32_BIT_CONVERSION = YES;
				GCC_WARN_ABOUT_RETURN_TYPE = YES_ERROR;
				GCC_WARN_UNDECLARED_SELECTOR = YES;
				GCC_WARN_UNINITIALIZED_AUTOS = YES_AGGRESSIVE;
				GCC_WARN_UNUSED_FUNCTION = YES;
				GCC_WARN_UNUSED_VARIABLE = YES;
				IPHONEOS_DEPLOYMENT_TARGET = 9.1;
				MTL_ENABLE_DEBUG_INFO = YES;
				ONLY_ACTIVE_ARCH = YES;
				SDKROOT = iphoneos;
				SWIFT_OPTIMIZATION_LEVEL = "-Onone";
			};
			name = Debug;
		};
		3D8933B71BF3811900B6E166 /* Release */ = {
			isa = XCBuildConfiguration;
			buildSettings = {
				ALWAYS_SEARCH_USER_PATHS = NO;
				CLANG_CXX_LANGUAGE_STANDARD = "gnu++0x";
				CLANG_CXX_LIBRARY = "libc++";
				CLANG_ENABLE_MODULES = YES;
				CLANG_ENABLE_OBJC_ARC = YES;
				CLANG_WARN_BOOL_CONVERSION = YES;
				CLANG_WARN_CONSTANT_CONVERSION = YES;
				CLANG_WARN_DIRECT_OBJC_ISA_USAGE = YES_ERROR;
				CLANG_WARN_EMPTY_BODY = YES;
				CLANG_WARN_ENUM_CONVERSION = YES;
				CLANG_WARN_INT_CONVERSION = YES;
				CLANG_WARN_OBJC_ROOT_CLASS = YES_ERROR;
				CLANG_WARN_UNREACHABLE_CODE = YES;
				CLANG_WARN__DUPLICATE_METHOD_MATCH = YES;
				"CODE_SIGN_IDENTITY[sdk=iphoneos*]" = "iPhone Developer";
				COPY_PHASE_STRIP = NO;
				DEBUG_INFORMATION_FORMAT = "dwarf-with-dsym";
				ENABLE_NS_ASSERTIONS = NO;
				ENABLE_STRICT_OBJC_MSGSEND = YES;
				GCC_C_LANGUAGE_STANDARD = gnu99;
				GCC_NO_COMMON_BLOCKS = YES;
				GCC_WARN_64_TO_32_BIT_CONVERSION = YES;
				GCC_WARN_ABOUT_RETURN_TYPE = YES_ERROR;
				GCC_WARN_UNDECLARED_SELECTOR = YES;
				GCC_WARN_UNINITIALIZED_AUTOS = YES_AGGRESSIVE;
				GCC_WARN_UNUSED_FUNCTION = YES;
				GCC_WARN_UNUSED_VARIABLE = YES;
				IPHONEOS_DEPLOYMENT_TARGET = 9.1;
				MTL_ENABLE_DEBUG_INFO = NO;
				SDKROOT = iphoneos;
				VALIDATE_PRODUCT = YES;
			};
			name = Release;
		};
		3D8933B91BF3811900B6E166 /* Debug */ = {
			isa = XCBuildConfiguration;
			buildSettings = {
				ASSETCATALOG_COMPILER_APPICON_NAME = AppIcon;
				INFOPLIST_FILE = AttributedText/Info.plist;
				IPHONEOS_DEPLOYMENT_TARGET = 8.0;
				LD_RUNPATH_SEARCH_PATHS = "$(inherited) @executable_path/Frameworks";
				PRODUCT_BUNDLE_IDENTIFIER = com.fatihyildizhan.AttributedText;
				PRODUCT_NAME = "$(TARGET_NAME)";
			};
			name = Debug;
		};
		3D8933BA1BF3811900B6E166 /* Release */ = {
			isa = XCBuildConfiguration;
			buildSettings = {
				ASSETCATALOG_COMPILER_APPICON_NAME = AppIcon;
				INFOPLIST_FILE = AttributedText/Info.plist;
				IPHONEOS_DEPLOYMENT_TARGET = 8.0;
				LD_RUNPATH_SEARCH_PATHS = "$(inherited) @executable_path/Frameworks";
				PRODUCT_BUNDLE_IDENTIFIER = com.fatihyildizhan.AttributedText;
				PRODUCT_NAME = "$(TARGET_NAME)";
			};
			name = Release;
		};
/* End XCBuildConfiguration section */

/* Begin XCConfigurationList section */
		3D8933A11BF3811900B6E166 /* Build configuration list for PBXProject "AttributedText" */ = {
			isa = XCConfigurationList;
			buildConfigurations = (
				3D8933B61BF3811900B6E166 /* Debug */,
				3D8933B71BF3811900B6E166 /* Release */,
			);
			defaultConfigurationIsVisible = 0;
			defaultConfigurationName = Release;
		};
		3D8933B81BF3811900B6E166 /* Build configuration list for PBXNativeTarget "AttributedText" */ = {
			isa = XCConfigurationList;
			buildConfigurations = (
				3D8933B91BF3811900B6E166 /* Debug */,
				3D8933BA1BF3811900B6E166 /* Release */,
			);
			defaultConfigurationIsVisible = 0;
		};
/* End XCConfigurationList section */
	};
	rootObject = 3D89339E1BF3811900B6E166 /* Project object */;
}
